
Microsoft Visual Studio Solution File, Format Version 12.00
# Visual Studio Version 16
VisualStudioVersion = 16.0.29503.13
MinimumVisualStudioVersion = 10.0.40219.1
Project("{FAE04EC0-301F-11D3-BF4B-00C04F79EFBC}") = "aspnet-EFBestPractices", "aspnet-EFBestPractices.csproj", "{0BC813B5-33B3-4298-BB7B-849A1AD41143}"
EndProject
Project("{FAE04EC0-301F-11D3-BF4B-00C04F79EFBC}") = "EFDataAccessLibrary", "..\EFDataAccessLibrary\EFDataAccessLibrary.csproj", "{76530BE6-9DDE-452A-AD77-94D6493FE6D7}"
EndProject
Global
	GlobalSection(SolutionConfigurationPlatforms) = preSolution
		Debug|Any CPU = Debug|Any CPU
		Release|Any CPU = Release|Any CPU
	EndGlobalSection
	GlobalSection(ProjectConfigurationPlatforms) = postSolution
		{0BC813B5-33B3-4298-BB7B-849A1AD41143}.Debug|Any CPU.ActiveCfg = Debug|Any CPU
		{0BC813B5-33B3-4298-BB7B-849A1AD41143}.Debug|Any CPU.Build.0 = Debug|Any CPU
		{0BC813B5-33B3-4298-BB7B-849A1AD41143}.Release|Any CPU.ActiveCfg = Release|Any CPU
		{0BC813B5-33B3-4298-BB7B-849A1AD41143}.Release|Any CPU.Build.0 = Release|Any CPU
		{76530BE6-9DDE-452A-AD77-94D6493FE6D7}.Debug|Any CPU.ActiveCfg = Debug|Any CPU
		{76530BE6-9DDE-452A-AD77-94D6493FE6D7}.Debug|Any CPU.Build.0 = Debug|Any CPU
		{76530BE6-9DDE-452A-AD77-94D6493FE6D7}.Release|Any CPU.ActiveCfg = Release|Any CPU
		{76530BE6-9DDE-452A-AD77-94D6493FE6D7}.Release|Any CPU.Build.0 = Release|Any CPU
	EndGlobalSection
	GlobalSection(SolutionProperties) = preSolution
		HideSolutionNode = FALSE
	EndGlobalSection
	GlobalSection(ExtensibilityGlobals) = postSolution
		SolutionGuid = {098A81C9-634D-49DE-A484-AE11D5ACE22D}
	EndGlobalSection
EndGlobal
